# This file is automatically @generated by Cargo.
# It is not intended for manual editing.
version = 3

[[package]]
name = "mdarray"
version = "0.3.0"
dependencies = [
 "serde",
 "serde_test",
]

[[package]]
name = "serde"
version = "1.0.142"
source = "registry+https://github.com/rust-lang/crates.io-index"
checksum = "e590c437916fb6b221e1d00df6e3294f3fccd70ca7e92541c475d6ed6ef5fee2"

[[package]]
name = "serde_test"
version = "1.0.142"
source = "registry+https://github.com/rust-lang/crates.io-index"
checksum = "bbf855c7d1704095906013b4491af507f67cad13d778ff408ca9696e9d195cf5"
dependencies = [
 "serde",
]
