# This file is automatically @generated by Cargo.
# It is not intended for manual editing.
version = 3

[[package]]
name = "mdarray"
version = "0.4.0"
dependencies = [
 "serde",
 "serde_test",
]

[[package]]
name = "serde"
version = "1.0.147"
source = "registry+https://github.com/rust-lang/crates.io-index"
checksum = "d193d69bae983fc11a79df82342761dfbf28a99fc8d203dca4c3c1b590948965"

[[package]]
name = "serde_test"
version = "1.0.147"
source = "registry+https://github.com/rust-lang/crates.io-index"
checksum = "641666500e4e6fba7b91b73651a375cb53579468ab3c38389289b802797cad94"
dependencies = [
 "serde",
]
